<Solution>
  <Folder Name="/src/">
    <Project Path="src/Noof.Ai/Noof.Ai.csproj" />
    <Project Path="src/Noof.Application/Noof.Application.csproj" />
    <Project Path="src/Noof.Domain/Noof.Domain.csproj" />
    <Project Path="src/Noof.Fx/Noof.Fx.csproj" />
    <Project Path="src/Noof.Host/Noof.Host.csproj" />
    <Project Path="src/Noof.Persistence/Noof.Persistence.csproj" />
    <Project Path="src/Noof.Receipts/Noof.Receipts.csproj" />
    <Project Path="src/Noof.Telegram/Noof.Telegram.csproj" />
    <Project Path="src/Noof.Web/Noof.Web.csproj" />
  </Folder>
  <Folder Name="/tests/">
    <Project Path="tests/Noof.Application.Tests/Noof.Application.Tests.csproj" />
    <Project Path="tests/Noof.Architecture.Tests/Noof.Architecture.Tests.csproj" />
    <Project Path="tests/Noof.Domain.Tests/Noof.Domain.Tests.csproj" />
    <Project Path="tests/Noof.Persistence.Tests/Noof.Persistence.Tests.csproj" />
    <Project Path="tests/Noof.TestKit/Noof.TestKit.csproj" />
  </Folder>
</Solution>
